# THIS IS AN AUTOGENERATED FILE. DO NOT EDIT THIS FILE DIRECTLY.
# yarn lockfile v1


"@types/angular@~1.5.19":
  version "1.5.23"
  resolved "https://registry.yarnpkg.com/@types/angular/-/angular-1.5.23.tgz#ccd175556e341064da8e4d6a0c3e49f4b99a2182"
  dependencies:
    "@types/jquery" "*"

"@types/core-js@~0.9.35":
  version "0.9.35"
  resolved "https://registry.yarnpkg.com/@types/core-js/-/core-js-0.9.35.tgz#444064e63711cdcc62ea844d27642f6efc2285f2"

"@types/jasmine@~2.5.40":
  version "2.5.40"
  resolved "https://registry.yarnpkg.com/@types/jasmine/-/jasmine-2.5.40.tgz#875c7ae739dcab1342794f51231c4aadcda6eb79"

"@types/jquery@*":
  version "2.0.39"
  resolved "https://registry.yarnpkg.com/@types/jquery/-/jquery-2.0.39.tgz#917fe65300dbc6ccbdfa7e2ee51159fbd29d7689"

"@types/lodash@~4.14.45":
  version "4.14.47"
  resolved "https://registry.yarnpkg.com/@types/lodash/-/lodash-4.14.47.tgz#4f780d1de593baae2171998b24b4282c5a1f8698"

"@types/source-map@~0.5.0":
  version "0.5.0"
  resolved "https://registry.yarnpkg.com/@types/source-map/-/source-map-0.5.0.tgz#dd34bbd8e32fe4e74f2e3d8ac07f8aa5b45a47ac"

"@types/toastr@^2.1.32":
  version "2.1.32"
  resolved "https://registry.yarnpkg.com/@types/toastr/-/toastr-2.1.32.tgz#7971a88fb48b48ef3b00057899eaa06b3b87d3e6"
  dependencies:
    "@types/jquery" "*"

angular@~1.6.1:
  version "1.6.1"
  resolved "https://registry.yarnpkg.com/angular/-/angular-1.6.1.tgz#a7b6d763a74c157325692619e97257e69d9b6a27"

error-stack-parser@^1.3.1:
  version "1.3.6"
  resolved "https://registry.yarnpkg.com/error-stack-parser/-/error-stack-parser-1.3.6.tgz#e0e73b93e417138d1cd7c0b746b1a4a14854c292"
  dependencies:
    stackframe "^0.3.1"

jquery@^2.1.4:
  version "2.2.4"
  resolved "https://registry.yarnpkg.com/jquery/-/jquery-2.2.4.tgz#2c89d6889b5eac522a7eea32c14521559c6cbf02"

lodash@^4.17.4:
  version "4.17.4"
  resolved "https://registry.yarnpkg.com/lodash/-/lodash-4.17.4.tgz#78203a4d1c328ae1d86dca6460e369b57f4055ae"

stackframe@^0.3.1:
  version "0.3.1"
  resolved "https://registry.yarnpkg.com/stackframe/-/stackframe-0.3.1.tgz#33aa84f1177a5548c8935533cbfeb3420975f5a4"

toastr@^2.1.2:
  version "2.1.2"
  resolved "https://registry.yarnpkg.com/toastr/-/toastr-2.1.2.tgz#fd69066ae7578a5b3357725fc9c7c335e9b681df"

typescript@~2.1.1:
  version "2.1.4"
  resolved "https://registry.yarnpkg.com/typescript/-/typescript-2.1.4.tgz#b53b69fb841126acb1dd4b397d21daba87572251"
